
Microsoft Visual Studio Solution File, Format Version 12.00
# Visual Studio Version 16
VisualStudioVersion = 16.0.30717.126
MinimumVisualStudioVersion = 10.0.40219.1
Project("{FAE04EC0-301F-11D3-BF4B-00C04F79EFBC}") = "ParsearLegenda", "ParsearLegenda\ParsearLegenda.csproj", "{DC5C849F-C63C-4ABF-B5E0-771A51160BAF}"
EndProject
Project("{2150E333-8FDC-42A3-9474-1A3956D46DE8}") = "View", "View", "{4EAC9B59-CAD9-4FCD-A012-E2530D906949}"
EndProject
Project("{2150E333-8FDC-42A3-9474-1A3956D46DE8}") = "Aplication", "Aplication", "{9A27BC2D-CA8C-45AD-A7EE-7AB1189735F3}"
EndProject
Project("{FAE04EC0-301F-11D3-BF4B-00C04F79EFBC}") = "ParsearLegenda.Aplication", "ParsearLegenda.Aplication\ParsearLegenda.Aplication.csproj", "{50CD8007-AA00-40CE-90E9-56D4C5DB3890}"
EndProject
Global
	GlobalSection(SolutionConfigurationPlatforms) = preSolution
		Debug|Any CPU = Debug|Any CPU
		Release|Any CPU = Release|Any CPU
	EndGlobalSection
	GlobalSection(ProjectConfigurationPlatforms) = postSolution
		{DC5C849F-C63C-4ABF-B5E0-771A51160BAF}.Debug|Any CPU.ActiveCfg = Debug|Any CPU
		{DC5C849F-C63C-4ABF-B5E0-771A51160BAF}.Debug|Any CPU.Build.0 = Debug|Any CPU
		{DC5C849F-C63C-4ABF-B5E0-771A51160BAF}.Release|Any CPU.ActiveCfg = Release|Any CPU
		{DC5C849F-C63C-4ABF-B5E0-771A51160BAF}.Release|Any CPU.Build.0 = Release|Any CPU
		{50CD8007-AA00-40CE-90E9-56D4C5DB3890}.Debug|Any CPU.ActiveCfg = Debug|Any CPU
		{50CD8007-AA00-40CE-90E9-56D4C5DB3890}.Debug|Any CPU.Build.0 = Debug|Any CPU
		{50CD8007-AA00-40CE-90E9-56D4C5DB3890}.Release|Any CPU.ActiveCfg = Release|Any CPU
		{50CD8007-AA00-40CE-90E9-56D4C5DB3890}.Release|Any CPU.Build.0 = Release|Any CPU
	EndGlobalSection
	GlobalSection(SolutionProperties) = preSolution
		HideSolutionNode = FALSE
	EndGlobalSection
	GlobalSection(NestedProjects) = preSolution
		{DC5C849F-C63C-4ABF-B5E0-771A51160BAF} = {4EAC9B59-CAD9-4FCD-A012-E2530D906949}
		{50CD8007-AA00-40CE-90E9-56D4C5DB3890} = {9A27BC2D-CA8C-45AD-A7EE-7AB1189735F3}
	EndGlobalSection
	GlobalSection(ExtensibilityGlobals) = postSolution
		SolutionGuid = {35D1EAC4-F428-4A4A-8798-BF9E0043759A}
	EndGlobalSection
EndGlobal
